
Microsoft Visual Studio Solution File, Format Version 12.00
# Visual Studio Version 16
VisualStudioVersion = 16.0.32002.261
MinimumVisualStudioVersion = 10.0.40219.1
Project("{FAE04EC0-301F-11D3-BF4B-00C04F79EFBC}") = "WebApplication1", "WebApplication1\WebApplication1.csproj", "{491DAA1D-BAAF-4447-8437-20113BD70AEF}"
EndProject
Global
	GlobalSection(SolutionConfigurationPlatforms) = preSolution
		Debug|Any CPU = Debug|Any CPU
		Release|Any CPU = Release|Any CPU
	EndGlobalSection
	GlobalSection(ProjectConfigurationPlatforms) = postSolution
		{491DAA1D-BAAF-4447-8437-20113BD70AEF}.Debug|Any CPU.ActiveCfg = Debug|Any CPU
		{491DAA1D-BAAF-4447-8437-20113BD70AEF}.Debug|Any CPU.Build.0 = Debug|Any CPU
		{491DAA1D-BAAF-4447-8437-20113BD70AEF}.Release|Any CPU.ActiveCfg = Release|Any CPU
		{491DAA1D-BAAF-4447-8437-20113BD70AEF}.Release|Any CPU.Build.0 = Release|Any CPU
	EndGlobalSection
	GlobalSection(SolutionProperties) = preSolution
		HideSolutionNode = FALSE
	EndGlobalSection
	GlobalSection(ExtensibilityGlobals) = postSolution
		SolutionGuid = {1B7388BC-52C8-45A2-81FD-FA0B483DA4CA}
	EndGlobalSection
EndGlobal
